
Microsoft Visual Studio Solution File, Format Version 12.00
# Visual Studio Version 17
VisualStudioVersion = 17.6.33815.320
MinimumVisualStudioVersion = 10.0.40219.1
Project("{FAE04EC0-301F-11D3-BF4B-00C04F79EFBC}") = "Assuit_Minya_Contest9", "Assuit_Minya_Contest9.csproj", "{3BA9781D-A5AE-45F1-B475-0F48AD65EAE3}"
EndProject
Global
	GlobalSection(SolutionConfigurationPlatforms) = preSolution
		Debug|Any CPU = Debug|Any CPU
		Release|Any CPU = Release|Any CPU
	EndGlobalSection
	GlobalSection(ProjectConfigurationPlatforms) = postSolution
		{3BA9781D-A5AE-45F1-B475-0F48AD65EAE3}.Debug|Any CPU.ActiveCfg = Debug|Any CPU
		{3BA9781D-A5AE-45F1-B475-0F48AD65EAE3}.Debug|Any CPU.Build.0 = Debug|Any CPU
		{3BA9781D-A5AE-45F1-B475-0F48AD65EAE3}.Release|Any CPU.ActiveCfg = Release|Any CPU
		{3BA9781D-A5AE-45F1-B475-0F48AD65EAE3}.Release|Any CPU.Build.0 = Release|Any CPU
	EndGlobalSection
	GlobalSection(SolutionProperties) = preSolution
		HideSolutionNode = FALSE
	EndGlobalSection
	GlobalSection(ExtensibilityGlobals) = postSolution
		SolutionGuid = {9204008C-8A5C-4533-B771-125483E91437}
	EndGlobalSection
EndGlobal
